
Microsoft Visual Studio Solution File, Format Version 12.00
# Visual Studio 2012
Project("{FAE04EC0-301F-11D3-BF4B-00C04F79EFBC}") = "lottory", "lottory\lottory.csproj", "{C801689D-9F81-4229-B9BD-34818EA5FFD0}"
EndProject
Project("{6141683F-8A12-4E36-9623-2EB02B2C2303}") = "Setup_Lottory", "Setup_Lottory\Setup_Lottory.isproj", "{031F22AA-2A21-4018-8545-47243FB28A54}"
EndProject
Global
	GlobalSection(SolutionConfigurationPlatforms) = preSolution
		CD_ROM|Any CPU = CD_ROM|Any CPU
		Debug|Any CPU = Debug|Any CPU
		DVD-5|Any CPU = DVD-5|Any CPU
		Release|Any CPU = Release|Any CPU
		SingleImage|Any CPU = SingleImage|Any CPU
	EndGlobalSection
	GlobalSection(ProjectConfigurationPlatforms) = postSolution
		{C801689D-9F81-4229-B9BD-34818EA5FFD0}.CD_ROM|Any CPU.ActiveCfg = Release|Any CPU
		{C801689D-9F81-4229-B9BD-34818EA5FFD0}.CD_ROM|Any CPU.Build.0 = Release|Any CPU
		{C801689D-9F81-4229-B9BD-34818EA5FFD0}.Debug|Any CPU.ActiveCfg = Debug|Any CPU
		{C801689D-9F81-4229-B9BD-34818EA5FFD0}.Debug|Any CPU.Build.0 = Debug|Any CPU
		{C801689D-9F81-4229-B9BD-34818EA5FFD0}.DVD-5|Any CPU.ActiveCfg = Debug|Any CPU
		{C801689D-9F81-4229-B9BD-34818EA5FFD0}.DVD-5|Any CPU.Build.0 = Debug|Any CPU
		{C801689D-9F81-4229-B9BD-34818EA5FFD0}.Release|Any CPU.ActiveCfg = Release|Any CPU
		{C801689D-9F81-4229-B9BD-34818EA5FFD0}.Release|Any CPU.Build.0 = Release|Any CPU
		{C801689D-9F81-4229-B9BD-34818EA5FFD0}.SingleImage|Any CPU.ActiveCfg = Release|Any CPU
		{C801689D-9F81-4229-B9BD-34818EA5FFD0}.SingleImage|Any CPU.Build.0 = Release|Any CPU
		{031F22AA-2A21-4018-8545-47243FB28A54}.CD_ROM|Any CPU.ActiveCfg = CD_ROM
		{031F22AA-2A21-4018-8545-47243FB28A54}.CD_ROM|Any CPU.Build.0 = CD_ROM
		{031F22AA-2A21-4018-8545-47243FB28A54}.Debug|Any CPU.ActiveCfg = DVD-5
		{031F22AA-2A21-4018-8545-47243FB28A54}.Debug|Any CPU.Build.0 = DVD-5
		{031F22AA-2A21-4018-8545-47243FB28A54}.DVD-5|Any CPU.ActiveCfg = DVD-5
		{031F22AA-2A21-4018-8545-47243FB28A54}.DVD-5|Any CPU.Build.0 = DVD-5
		{031F22AA-2A21-4018-8545-47243FB28A54}.Release|Any CPU.ActiveCfg = SingleImage
		{031F22AA-2A21-4018-8545-47243FB28A54}.Release|Any CPU.Build.0 = SingleImage
		{031F22AA-2A21-4018-8545-47243FB28A54}.SingleImage|Any CPU.ActiveCfg = SingleImage
		{031F22AA-2A21-4018-8545-47243FB28A54}.SingleImage|Any CPU.Build.0 = SingleImage
	EndGlobalSection
	GlobalSection(SolutionProperties) = preSolution
		HideSolutionNode = FALSE
	EndGlobalSection
EndGlobal
